{
  "lockfileVersion": 1,
  "configVersion": 1,
  "workspaces": {
    "": {
      "name": "nexus-book-platform",
      "dependencies": {
        "@ant-design/v5-patch-for-react-19": "^1.0.3",
        "@neondatabase/serverless": "^1.1.0",
        "antd": "^5.15.0",
        "bcryptjs": "^3.0.3",
        "cloudinary": "^2.10.0",
        "framer-motion": "^12.34.3",
        "gsap": "^3.12.5",
        "jose": "^6.2.3",
        "lucide-react": "^0.358.0",
        "next": "^16.2.10",
        "react": "19.2.3",
        "react-dom": "19.2.3",
        "sonner": "^1.4.3",
      },
      "devDependencies": {
        "babel-plugin-react-compiler": "1.0.0",
      },
    },
  },
  "trustedDependencies": [
    "sharp",
  ],
  "packages": {
    "@ant-design/colors": ["@ant-design/colors@7.2.1", "", { "dependencies": { "@ant-design/fast-color": "^2.0.6" } }, "sha512-lCHDcEzieu4GA3n8ELeZ5VQ8pKQAWcGGLRTQ50aQM2iqPpq2evTxER84jfdPvsPAtEcZ7m44NI45edFMo8oOYQ=="],

    "@ant-design/cssinjs": ["@ant-design/cssinjs@1.24.0", "", { "dependencies": { "@babel/runtime": "^7.11.1", "@emotion/hash": "^0.8.0", "@emotion/unitless": "^0.7.5", "classnames": "^2.3.1", "csstype": "^3.1.3", "rc-util": "^5.35.0", "stylis": "^4.3.4" }, "peerDependencies": { "react": ">=16.0.0", "react-dom": ">=16.0.0" } }, "sha512-K4cYrJBsgvL+IoozUXYjbT6LHHNt+19a9zkvpBPxLjFHas1UpPM2A5MlhROb0BT8N8WoavM5VsP9MeSeNK/3mg=="],

    "@ant-design/cssinjs-utils": ["@ant-design/cssinjs-utils@1.1.3", "", { "dependencies": { "@ant-design/cssinjs": "^1.21.0", "@babel/runtime": "^7.23.2", "rc-util": "^5.38.0" }, "peerDependencies": { "react": ">=16.9.0", "react-dom": ">=16.9.0" } }, "sha512-nOoQMLW1l+xR1Co8NFVYiP8pZp3VjIIzqV6D6ShYF2ljtdwWJn5WSsH+7kvCktXL/yhEtWURKOfH5Xz/gzlwsg=="],

    "@ant-design/fast-color": ["@ant-design/fast-color@2.0.6", "", { "dependencies": { "@babel/runtime": "^7.24.7" } }, "sha512-y2217gk4NqL35giHl72o6Zzqji9O7vHh9YmhUVkPtAOpoTCH4uWxo/pr4VE8t0+ChEPs0qo4eJRC5Q1eXWo3vA=="],

    "@ant-design/icons": ["@ant-design/icons@5.6.1", "", { "dependencies": { "@ant-design/colors": "^7.0.0", "@ant-design/icons-svg": "^4.4.0", "@babel/runtime": "^7.24.8", "classnames": "^2.2.6", "rc-util": "^5.31.1" }, "peerDependencies": { "react": ">=16.0.0", "react-dom": ">=16.0.0" } }, "sha512-0/xS39c91WjPAZOWsvi1//zjx6kAp4kxWwctR6kuU6p133w8RU0D2dSCvZC19uQyharg/sAvYxGYWl01BbZZfg=="],

    "@ant-design/icons-svg": ["@ant-design/icons-svg@4.4.2", "", {}, "sha512-vHbT+zJEVzllwP+CM+ul7reTEfBR0vgxFe7+lREAsAA7YGsYpboiq2sQNeQeRvh09GfQgs/GyFEvZpJ9cLXpXA=="],

    "@ant-design/react-slick": ["@ant-design/react-slick@1.1.2", "", { "dependencies": { "@babel/runtime": "^7.10.4", "classnames": "^2.2.5", "json2mq": "^0.2.0", "resize-observer-polyfill": "^1.5.1", "throttle-debounce": "^5.0.0" }, "peerDependencies": { "react": ">=16.9.0" } }, "sha512-EzlvzE6xQUBrZuuhSAFTdsr4P2bBBHGZwKFemEfq8gIGyIQCxalYfZW/T2ORbtQx5rU69o+WycP3exY/7T1hGA=="],

    "@ant-design/v5-patch-for-react-19": ["@ant-design/v5-patch-for-react-19@1.0.3", "", { "peerDependencies": { "antd": ">=5.22.6", "react": ">=19.0.0", "react-dom": ">=19.0.0" } }, "sha512-iWfZuSUl5kuhqLUw7jJXUQFMMkM7XpW7apmKzQBQHU0cpifYW4A79xIBt9YVO5IBajKpPG5UKP87Ft7Yrw1p/w=="],

    "@babel/helper-string-parser": ["@babel/helper-string-parser@7.27.1", "", {}, "sha512-qMlSxKbpRlAridDExk92nSobyDdpPijUq2DW6oDnUqd0iOGxmQjyqhMIihI9+zv4LPyZdRje2cavWPbCbWm3eA=="],

    "@babel/helper-validator-identifier": ["@babel/helper-validator-identifier@7.28.5", "", {}, "sha512-qSs4ifwzKJSV39ucNjsvc6WVHs6b7S03sOh2OcHF9UHfVPqWWALUsNUVzhSBiItjRZoLHx7nIarVjqKVusUZ1Q=="],

    "@babel/runtime": ["@babel/runtime@7.28.6", "", {}, "sha512-05WQkdpL9COIMz4LjTxGpPNCdlpyimKppYNoJ5Di5EUObifl8t4tuLuUBBZEpoLYOmfvIWrsp9fCl0HoPRVTdA=="],

    "@babel/types": ["@babel/types@7.29.0", "", { "dependencies": { "@babel/helper-string-parser": "^7.27.1", "@babel/helper-validator-identifier": "^7.28.5" } }, "sha512-LwdZHpScM4Qz8Xw2iKSzS+cfglZzJGvofQICy7W7v4caru4EaAmyUuO6BGrbyQ2mYV11W0U8j5mBhd14dd3B0A=="],

    "@emnapi/runtime": ["@emnapi/runtime@1.8.1", "", { "dependencies": { "tslib": "^2.4.0" } }, "sha512-mehfKSMWjjNol8659Z8KxEMrdSJDDot5SXMq00dM8BN4o+CLNXQ0xH2V7EchNHV4RmbZLmmPdEaXZc5H2FXmDg=="],

    "@emotion/hash": ["@emotion/hash@0.8.0", "", {}, "sha512-kBJtf7PH6aWwZ6fka3zQ0p6SBYzx4fl1LoZXE2RrnYST9Xljm7WfKJrU4g/Xr3Beg72MLrp1AWNUmuYJTL7Cow=="],

    "@emotion/unitless": ["@emotion/unitless@0.7.5", "", {}, "sha512-OWORNpfjMsSSUBVrRBVGECkhWcULOAJz9ZW8uK9qgxD+87M7jHRcvh/A96XXNhXTLmKcoYSQtBEX7lHMO7YRwg=="],

    "@img/colour": ["@img/colour@1.0.0", "", {}, "sha512-A5P/LfWGFSl6nsckYtjw9da+19jB8hkJ6ACTGcDfEJ0aE+l2n2El7dsVM7UVHZQ9s2lmYMWlrS21YLy2IR1LUw=="],

    "@img/sharp-darwin-arm64": ["@img/sharp-darwin-arm64@0.34.5", "", { "optionalDependencies": { "@img/sharp-libvips-darwin-arm64": "1.2.4" }, "os": "darwin", "cpu": "arm64" }, "sha512-imtQ3WMJXbMY4fxb/Ndp6HBTNVtWCUI0WdobyheGf5+ad6xX8VIDO8u2xE4qc/fr08CKG/7dDseFtn6M6g/r3w=="],

    "@img/sharp-darwin-x64": ["@img/sharp-darwin-x64@0.34.5", "", { "optionalDependencies": { "@img/sharp-libvips-darwin-x64": "1.2.4" }, "os": "darwin", "cpu": "x64" }, "sha512-YNEFAF/4KQ/PeW0N+r+aVVsoIY0/qxxikF2SWdp+NRkmMB7y9LBZAVqQ4yhGCm/H3H270OSykqmQMKLBhBJDEw=="],

    "@img/sharp-libvips-darwin-arm64": ["@img/sharp-libvips-darwin-arm64@1.2.4", "", { "os": "darwin", "cpu": "arm64" }, "sha512-zqjjo7RatFfFoP0MkQ51jfuFZBnVE2pRiaydKJ1G/rHZvnsrHAOcQALIi9sA5co5xenQdTugCvtb1cuf78Vf4g=="],

    "@img/sharp-libvips-darwin-x64": ["@img/sharp-libvips-darwin-x64@1.2.4", "", { "os": "darwin", "cpu": "x64" }, "sha512-1IOd5xfVhlGwX+zXv2N93k0yMONvUlANylbJw1eTah8K/Jtpi15KC+WSiaX/nBmbm2HxRM1gZ0nSdjSsrZbGKg=="],

    "@img/sharp-libvips-linux-arm": ["@img/sharp-libvips-linux-arm@1.2.4", "", { "os": "linux", "cpu": "arm" }, "sha512-bFI7xcKFELdiNCVov8e44Ia4u2byA+l3XtsAj+Q8tfCwO6BQ8iDojYdvoPMqsKDkuoOo+X6HZA0s0q11ANMQ8A=="],

    "@img/sharp-libvips-linux-arm64": ["@img/sharp-libvips-linux-arm64@1.2.4", "", { "os": "linux", "cpu": "arm64" }, "sha512-excjX8DfsIcJ10x1Kzr4RcWe1edC9PquDRRPx3YVCvQv+U5p7Yin2s32ftzikXojb1PIFc/9Mt28/y+iRklkrw=="],

    "@img/sharp-libvips-linux-ppc64": ["@img/sharp-libvips-linux-ppc64@1.2.4", "", { "os": "linux", "cpu": "ppc64" }, "sha512-FMuvGijLDYG6lW+b/UvyilUWu5Ayu+3r2d1S8notiGCIyYU/76eig1UfMmkZ7vwgOrzKzlQbFSuQfgm7GYUPpA=="],

    "@img/sharp-libvips-linux-riscv64": ["@img/sharp-libvips-linux-riscv64@1.2.4", "", { "os": "linux", "cpu": "none" }, "sha512-oVDbcR4zUC0ce82teubSm+x6ETixtKZBh/qbREIOcI3cULzDyb18Sr/Wcyx7NRQeQzOiHTNbZFF1UwPS2scyGA=="],

    "@img/sharp-libvips-linux-s390x": ["@img/sharp-libvips-linux-s390x@1.2.4", "", { "os": "linux", "cpu": "s390x" }, "sha512-qmp9VrzgPgMoGZyPvrQHqk02uyjA0/QrTO26Tqk6l4ZV0MPWIW6LTkqOIov+J1yEu7MbFQaDpwdwJKhbJvuRxQ=="],

    "@img/sharp-libvips-linux-x64": ["@img/sharp-libvips-linux-x64@1.2.4", "", { "os": "linux", "cpu": "x64" }, "sha512-tJxiiLsmHc9Ax1bz3oaOYBURTXGIRDODBqhveVHonrHJ9/+k89qbLl0bcJns+e4t4rvaNBxaEZsFtSfAdquPrw=="],

    "@img/sharp-libvips-linuxmusl-arm64": ["@img/sharp-libvips-linuxmusl-arm64@1.2.4", "", { "os": "linux", "cpu": "arm64" }, "sha512-FVQHuwx1IIuNow9QAbYUzJ+En8KcVm9Lk5+uGUQJHaZmMECZmOlix9HnH7n1TRkXMS0pGxIJokIVB9SuqZGGXw=="],

    "@img/sharp-libvips-linuxmusl-x64": ["@img/sharp-libvips-linuxmusl-x64@1.2.4", "", { "os": "linux", "cpu": "x64" }, "sha512-+LpyBk7L44ZIXwz/VYfglaX/okxezESc6UxDSoyo2Ks6Jxc4Y7sGjpgU9s4PMgqgjj1gZCylTieNamqA1MF7Dg=="],

    "@img/sharp-linux-arm": ["@img/sharp-linux-arm@0.34.5", "", { "optionalDependencies": { "@img/sharp-libvips-linux-arm": "1.2.4" }, "os": "linux", "cpu": "arm" }, "sha512-9dLqsvwtg1uuXBGZKsxem9595+ujv0sJ6Vi8wcTANSFpwV/GONat5eCkzQo/1O6zRIkh0m/8+5BjrRr7jDUSZw=="],

    "@img/sharp-linux-arm64": ["@img/sharp-linux-arm64@0.34.5", "", { "optionalDependencies": { "@img/sharp-libvips-linux-arm64": "1.2.4" }, "os": "linux", "cpu": "arm64" }, "sha512-bKQzaJRY/bkPOXyKx5EVup7qkaojECG6NLYswgktOZjaXecSAeCWiZwwiFf3/Y+O1HrauiE3FVsGxFg8c24rZg=="],

    "@img/sharp-linux-ppc64": ["@img/sharp-linux-ppc64@0.34.5", "", { "optionalDependencies": { "@img/sharp-libvips-linux-ppc64": "1.2.4" }, "os": "linux", "cpu": "ppc64" }, "sha512-7zznwNaqW6YtsfrGGDA6BRkISKAAE1Jo0QdpNYXNMHu2+0dTrPflTLNkpc8l7MUP5M16ZJcUvysVWWrMefZquA=="],

    "@img/sharp-linux-riscv64": ["@img/sharp-linux-riscv64@0.34.5", "", { "optionalDependencies": { "@img/sharp-libvips-linux-riscv64": "1.2.4" }, "os": "linux", "cpu": "none" }, "sha512-51gJuLPTKa7piYPaVs8GmByo7/U7/7TZOq+cnXJIHZKavIRHAP77e3N2HEl3dgiqdD/w0yUfiJnII77PuDDFdw=="],

    "@img/sharp-linux-s390x": ["@img/sharp-linux-s390x@0.34.5", "", { "optionalDependencies": { "@img/sharp-libvips-linux-s390x": "1.2.4" }, "os": "linux", "cpu": "s390x" }, "sha512-nQtCk0PdKfho3eC5MrbQoigJ2gd1CgddUMkabUj+rBevs8tZ2cULOx46E7oyX+04WGfABgIwmMC0VqieTiR4jg=="],

    "@img/sharp-linux-x64": ["@img/sharp-linux-x64@0.34.5", "", { "optionalDependencies": { "@img/sharp-libvips-linux-x64": "1.2.4" }, "os": "linux", "cpu": "x64" }, "sha512-MEzd8HPKxVxVenwAa+JRPwEC7QFjoPWuS5NZnBt6B3pu7EG2Ge0id1oLHZpPJdn3OQK+BQDiw9zStiHBTJQQQQ=="],

    "@img/sharp-linuxmusl-arm64": ["@img/sharp-linuxmusl-arm64@0.34.5", "", { "optionalDependencies": { "@img/sharp-libvips-linuxmusl-arm64": "1.2.4" }, "os": "linux", "cpu": "arm64" }, "sha512-fprJR6GtRsMt6Kyfq44IsChVZeGN97gTD331weR1ex1c1rypDEABN6Tm2xa1wE6lYb5DdEnk03NZPqA7Id21yg=="],

    "@img/sharp-linuxmusl-x64": ["@img/sharp-linuxmusl-x64@0.34.5", "", { "optionalDependencies": { "@img/sharp-libvips-linuxmusl-x64": "1.2.4" }, "os": "linux", "cpu": "x64" }, "sha512-Jg8wNT1MUzIvhBFxViqrEhWDGzqymo3sV7z7ZsaWbZNDLXRJZoRGrjulp60YYtV4wfY8VIKcWidjojlLcWrd8Q=="],

    "@img/sharp-wasm32": ["@img/sharp-wasm32@0.34.5", "", { "dependencies": { "@emnapi/runtime": "^1.7.0" }, "cpu": "none" }, "sha512-OdWTEiVkY2PHwqkbBI8frFxQQFekHaSSkUIJkwzclWZe64O1X4UlUjqqqLaPbUpMOQk6FBu/HtlGXNblIs0huw=="],

    "@img/sharp-win32-arm64": ["@img/sharp-win32-arm64@0.34.5", "", { "os": "win32", "cpu": "arm64" }, "sha512-WQ3AgWCWYSb2yt+IG8mnC6Jdk9Whs7O0gxphblsLvdhSpSTtmu69ZG1Gkb6NuvxsNACwiPV6cNSZNzt0KPsw7g=="],

    "@img/sharp-win32-ia32": ["@img/sharp-win32-ia32@0.34.5", "", { "os": "win32", "cpu": "ia32" }, "sha512-FV9m/7NmeCmSHDD5j4+4pNI8Cp3aW+JvLoXcTUo0IqyjSfAZJ8dIUmijx1qaJsIiU+Hosw6xM5KijAWRJCSgNg=="],

    "@img/sharp-win32-x64": ["@img/sharp-win32-x64@0.34.5", "", { "os": "win32", "cpu": "x64" }, "sha512-+29YMsqY2/9eFEiW93eqWnuLcWcufowXewwSNIT6UwZdUUCrM3oFjMWH/Z6/TMmb4hlFenmfAVbpWeup2jryCw=="],

    "@neondatabase/serverless": ["@neondatabase/serverless@1.1.0", "", {}, "sha512-r3ZZhRjEcfEdKIZnoB1RusNgvHuaBRqfCzV4Gi+5A9yUX0S4HTws/ASWqt13wL4y4I+0rqsWGdA2w7EQXHi3+Q=="],

    "@next/env": ["@next/env@16.2.10", "", {}, "sha512-zLPxg9M0MEHmygpj5OuxjQ+vHMiy/K7cSp74G8ecYolmgUWw0RwN02tF56npup/+qaI8JB97hQgS/r2Hb6QwVA=="],

    "@next/swc-darwin-arm64": ["@next/swc-darwin-arm64@16.2.10", "", { "os": "darwin", "cpu": "arm64" }, "sha512-v9IdJCa0H0mbo+8z5zwUpOk1Vj7RjkcI5uNYf5Ws1y6szf/p3Mzl9hLaST8SCt6L9h8NGnruZcd2+o0NTNwDhA=="],

    "@next/swc-darwin-x64": ["@next/swc-darwin-x64@16.2.10", "", { "os": "darwin", "cpu": "x64" }, "sha512-17IS0jJRViROGmA9uGdNR8VPJpfbnaVG7E9qhso5jDLkmyd0lSDORWxbcKINzcFqzZqGwGtMSnrFRxBpuUYjLQ=="],

    "@next/swc-linux-arm64-gnu": ["@next/swc-linux-arm64-gnu@16.2.10", "", { "os": "linux", "cpu": "arm64" }, "sha512-GRQRsRtuciNJvB54AvvuQTiq0oZtFwa1owQqtZD8wwnGpM2L39MV22kpI72YSXLKIyY40LC66EiLFv4PiicXxg=="],

    "@next/swc-linux-arm64-musl": ["@next/swc-linux-arm64-musl@16.2.10", "", { "os": "linux", "cpu": "arm64" }, "sha512-zkN9MQYS7UQBro+FnISUq1itaQjXI9xqISzuQ+2bc921NcJ1x4yPCqrn77tVN6/dOOXaaWVX3k6/bR07pPwK+A=="],

    "@next/swc-linux-x64-gnu": ["@next/swc-linux-x64-gnu@16.2.10", "", { "os": "linux", "cpu": "x64" }, "sha512-iCVJnwvrPYECvA6WM/7+oo+OiTvedIKLxtCLAZP4xZR3nXa1zmzZyLPbYCmWvpd4CvMYF1EMTafd0ii3DygLvA=="],

    "@next/swc-linux-x64-musl": ["@next/swc-linux-x64-musl@16.2.10", "", { "os": "linux", "cpu": "x64" }, "sha512-ov2g4H0dHY9bPoOU83m91hWT7Iq5qy13bUnyyshLU3HGR1Ownn0X9QpmDPc5iIUaahTp7f7LeGAhV4DSFtackw=="],

    "@next/swc-win32-arm64-msvc": ["@next/swc-win32-arm64-msvc@16.2.10", "", { "os": "win32", "cpu": "arm64" }, "sha512-DwAnhLX76HQiFFQNgWlcK+JzlnD1rZ+UK/WY0ZMI/deXpvgnesjNYrqcfo1JzBuz4Kf7o3brIBL0glI1junatA=="],

    "@next/swc-win32-x64-msvc": ["@next/swc-win32-x64-msvc@16.2.10", "", { "os": "win32", "cpu": "x64" }, "sha512-0JXq3b85Jk9Jg4ntLUbXSPvoDw3gpZou7twuKdoFG2jOw635v7+IiXfTaa0TxVMyx78pUjnrVYwLgjKfX4e6/A=="],

    "@rc-component/async-validator": ["@rc-component/async-validator@5.1.0", "", { "dependencies": { "@babel/runtime": "^7.24.4" } }, "sha512-n4HcR5siNUXRX23nDizbZBQPO0ZM/5oTtmKZ6/eqL0L2bo747cklFdZGRN2f+c9qWGICwDzrhW0H7tE9PptdcA=="],

    "@rc-component/color-picker": ["@rc-component/color-picker@2.0.1", "", { "dependencies": { "@ant-design/fast-color": "^2.0.6", "@babel/runtime": "^7.23.6", "classnames": "^2.2.6", "rc-util": "^5.38.1" }, "peerDependencies": { "react": ">=16.9.0", "react-dom": ">=16.9.0" } }, "sha512-WcZYwAThV/b2GISQ8F+7650r5ZZJ043E57aVBFkQ+kSY4C6wdofXgB0hBx+GPGpIU0Z81eETNoDUJMr7oy/P8Q=="],

    "@rc-component/context": ["@rc-component/context@1.4.0", "", { "dependencies": { "@babel/runtime": "^7.10.1", "rc-util": "^5.27.0" }, "peerDependencies": { "react": ">=16.9.0", "react-dom": ">=16.9.0" } }, "sha512-kFcNxg9oLRMoL3qki0OMxK+7g5mypjgaaJp/pkOis/6rVxma9nJBF/8kCIuTYHUQNr0ii7MxqE33wirPZLJQ2w=="],

    "@rc-component/mini-decimal": ["@rc-component/mini-decimal@1.1.0", "", { "dependencies": { "@babel/runtime": "^7.18.0" } }, "sha512-jS4E7T9Li2GuYwI6PyiVXmxTiM6b07rlD9Ge8uGZSCz3WlzcG5ZK7g5bbuKNeZ9pgUuPK/5guV781ujdVpm4HQ=="],

    "@rc-component/mutate-observer": ["@rc-component/mutate-observer@1.1.0", "", { "dependencies": { "@babel/runtime": "^7.18.0", "classnames": "^2.3.2", "rc-util": "^5.24.4" }, "peerDependencies": { "react": ">=16.9.0", "react-dom": ">=16.9.0" } }, "sha512-QjrOsDXQusNwGZPf4/qRQasg7UFEj06XiCJ8iuiq/Io7CrHrgVi6Uuetw60WAMG1799v+aM8kyc+1L/GBbHSlw=="],

    "@rc-component/portal": ["@rc-component/portal@1.1.2", "", { "dependencies": { "@babel/runtime": "^7.18.0", "classnames": "^2.3.2", "rc-util": "^5.24.4" }, "peerDependencies": { "react": ">=16.9.0", "react-dom": ">=16.9.0" } }, "sha512-6f813C0IsasTZms08kfA8kPAGxbbkYToa8ALaiDIGGECU4i9hj8Plgbx0sNJDrey3EtHO30hmdaxtT0138xZcg=="],

    "@rc-component/qrcode": ["@rc-component/qrcode@1.1.1", "", { "dependencies": { "@babel/runtime": "^7.24.7" }, "peerDependencies": { "react": ">=16.9.0", "react-dom": ">=16.9.0" } }, "sha512-LfLGNymzKdUPjXUbRP+xOhIWY4jQ+YMj5MmWAcgcAq1Ij8XP7tRmAXqyuv96XvLUBE/5cA8hLFl9eO1JQMujrA=="],

    "@rc-component/tour": ["@rc-component/tour@1.15.1", "", { "dependencies": { "@babel/runtime": "^7.18.0", "@rc-component/portal": "^1.0.0-9", "@rc-component/trigger": "^2.0.0", "classnames": "^2.3.2", "rc-util": "^5.24.4" }, "peerDependencies": { "react": ">=16.9.0", "react-dom": ">=16.9.0" } }, "sha512-Tr2t7J1DKZUpfJuDZWHxyxWpfmj8EZrqSgyMZ+BCdvKZ6r1UDsfU46M/iWAAFBy961Ssfom2kv5f3UcjIL2CmQ=="],

    "@rc-component/trigger": ["@rc-component/trigger@2.3.1", "", { "dependencies": { "@babel/runtime": "^7.23.2", "@rc-component/portal": "^1.1.0", "classnames": "^2.3.2", "rc-motion": "^2.0.0", "rc-resize-observer": "^1.3.1", "rc-util": "^5.44.0" }, "peerDependencies": { "react": ">=16.9.0", "react-dom": ">=16.9.0" } }, "sha512-ORENF39PeXTzM+gQEshuk460Z8N4+6DkjpxlpE7Q3gYy1iBpLrx0FOJz3h62ryrJZ/3zCAUIkT1Pb/8hHWpb3A=="],

    "@swc/helpers": ["@swc/helpers@0.5.15", "", { "dependencies": { "tslib": "^2.8.0" } }, "sha512-JQ5TuMi45Owi4/BIMAJBoSQoOJu12oOk/gADqlcUL9JEdHB8vyjUSsxqeNXnmXHjYKMi2WcYtezGEEhqUI/E2g=="],

    "antd": ["antd@5.29.3", "", { "dependencies": { "@ant-design/colors": "^7.2.1", "@ant-design/cssinjs": "^1.23.0", "@ant-design/cssinjs-utils": "^1.1.3", "@ant-design/fast-color": "^2.0.6", "@ant-design/icons": "^5.6.1", "@ant-design/react-slick": "~1.1.2", "@babel/runtime": "^7.26.0", "@rc-component/color-picker": "~2.0.1", "@rc-component/mutate-observer": "^1.1.0", "@rc-component/qrcode": "~1.1.0", "@rc-component/tour": "~1.15.1", "@rc-component/trigger": "^2.3.0", "classnames": "^2.5.1", "copy-to-clipboard": "^3.3.3", "dayjs": "^1.11.11", "rc-cascader": "~3.34.0", "rc-checkbox": "~3.5.0", "rc-collapse": "~3.9.0", "rc-dialog": "~9.6.0", "rc-drawer": "~7.3.0", "rc-dropdown": "~4.2.1", "rc-field-form": "~2.7.1", "rc-image": "~7.12.0", "rc-input": "~1.8.0", "rc-input-number": "~9.5.0", "rc-mentions": "~2.20.0", "rc-menu": "~9.16.1", "rc-motion": "^2.9.5", "rc-notification": "~5.6.4", "rc-pagination": "~5.1.0", "rc-picker": "~4.11.3", "rc-progress": "~4.0.0", "rc-rate": "~2.13.1", "rc-resize-observer": "^1.4.3", "rc-segmented": "~2.7.0", "rc-select": "~14.16.8", "rc-slider": "~11.1.9", "rc-steps": "~6.0.1", "rc-switch": "~4.1.0", "rc-table": "~7.54.0", "rc-tabs": "~15.7.0", "rc-textarea": "~1.10.2", "rc-tooltip": "~6.4.0", "rc-tree": "~5.13.1", "rc-tree-select": "~5.27.0", "rc-upload": "~4.11.0", "rc-util": "^5.44.4", "scroll-into-view-if-needed": "^3.1.0", "throttle-debounce": "^5.0.2" }, "peerDependencies": { "react": ">=16.9.0", "react-dom": ">=16.9.0" } }, "sha512-3DdbGCa9tWAJGcCJ6rzR8EJFsv2CtyEbkVabZE14pfgUHfCicWCj0/QzQVLDYg8CPfQk9BH7fHCoTXHTy7MP/A=="],

    "babel-plugin-react-compiler": ["babel-plugin-react-compiler@1.0.0", "", { "dependencies": { "@babel/types": "^7.26.0" } }, "sha512-Ixm8tFfoKKIPYdCCKYTsqv+Fd4IJ0DQqMyEimo+pxUOMUR9cVPlwTrFt9Avu+3cb6Zp3mAzl+t1MrG2fxxKsxw=="],

    "baseline-browser-mapping": ["baseline-browser-mapping@2.10.0", "", { "bin": { "baseline-browser-mapping": "dist/cli.cjs" } }, "sha512-lIyg0szRfYbiy67j9KN8IyeD7q7hcmqnJ1ddWmNt19ItGpNN64mnllmxUNFIOdOm6by97jlL6wfpTTJrmnjWAA=="],

    "bcryptjs": ["bcryptjs@3.0.3", "", { "bin": { "bcrypt": "bin/bcrypt" } }, "sha512-GlF5wPWnSa/X5LKM1o0wz0suXIINz1iHRLvTS+sLyi7XPbe5ycmYI3DlZqVGZZtDgl4DmasFg7gOB3JYbphV5g=="],

    "caniuse-lite": ["caniuse-lite@1.0.30001774", "", {}, "sha512-DDdwPGz99nmIEv216hKSgLD+D4ikHQHjBC/seF98N9CPqRX4M5mSxT9eTV6oyisnJcuzxtZy4n17yKKQYmYQOA=="],

    "classnames": ["classnames@2.5.1", "", {}, "sha512-saHYOzhIQs6wy2sVxTM6bUDsQO4F50V9RQ22qBpEdCW+I+/Wmke2HOl6lS6dTpdxVhb88/I6+Hs+438c3lfUow=="],

    "client-only": ["client-only@0.0.1", "", {}, "sha512-IV3Ou0jSMzZrd3pZ48nLkT9DA7Ag1pnPzaiQhpW7c3RbcqqzvzzVu+L8gfqMp/8IM2MQtSiqaCxrrcfu8I8rMA=="],

    "cloudinary": ["cloudinary@2.10.0", "", { "dependencies": { "lodash": "^4.17.23" } }, "sha512-sY09kYg7wprkndAOjZBAYqFZqwL+SxnEGcAvksOvFA+5upnFn949UjkEkHKNSwkBtW/xRDd0p6NgbSXZcxkI3w=="],

    "compute-scroll-into-view": ["compute-scroll-into-view@3.1.1", "", {}, "sha512-VRhuHOLoKYOy4UbilLbUzbYg93XLjv2PncJC50EuTWPA3gaja1UjBsUP/D/9/juV3vQFr6XBEzn9KCAHdUvOHw=="],

    "copy-to-clipboard": ["copy-to-clipboard@3.3.3", "", { "dependencies": { "toggle-selection": "^1.0.6" } }, "sha512-2KV8NhB5JqC3ky0r9PMCAZKbUHSwtEo4CwCs0KXgruG43gX5PMqDEBbVU4OUzw2MuAWUfsuFmWvEKG5QRfSnJA=="],

    "csstype": ["csstype@3.2.3", "", {}, "sha512-z1HGKcYy2xA8AGQfwrn0PAy+PB7X/GSj3UVJW9qKyn43xWa+gl5nXmU4qqLMRzWVLFC8KusUX8T/0kCiOYpAIQ=="],

    "dayjs": ["dayjs@1.11.19", "", {}, "sha512-t5EcLVS6QPBNqM2z8fakk/NKel+Xzshgt8FFKAn+qwlD1pzZWxh0nVCrvFK7ZDb6XucZeF9z8C7CBWTRIVApAw=="],

    "detect-libc": ["detect-libc@2.1.2", "", {}, "sha512-Btj2BOOO83o3WyH59e8MgXsxEQVcarkUOpEYrubB0urwnN10yQ364rsiByU11nZlqWYZm05i/of7io4mzihBtQ=="],

    "framer-motion": ["framer-motion@12.34.3", "", { "dependencies": { "motion-dom": "^12.34.3", "motion-utils": "^12.29.2", "tslib": "^2.4.0" }, "peerDependencies": { "@emotion/is-prop-valid": "*", "react": "^18.0.0 || ^19.0.0", "react-dom": "^18.0.0 || ^19.0.0" }, "optionalPeers": ["@emotion/is-prop-valid", "react", "react-dom"] }, "sha512-v81ecyZKYO/DfpTwHivqkxSUBzvceOpoI+wLfgCgoUIKxlFKEXdg0oR9imxwXumT4SFy8vRk9xzJ5l3/Du/55Q=="],

    "gsap": ["gsap@3.14.2", "", {}, "sha512-P8/mMxVLU7o4+55+1TCnQrPmgjPKnwkzkXOK1asnR9Jg2lna4tEY5qBJjMmAaOBDDZWtlRjBXjLa0w53G/uBLA=="],

    "jose": ["jose@6.2.3", "", {}, "sha512-YYVDInQKFJfR/xa3ojUTl8c2KoTwiL1R5Wg9YCydwH0x0B9grbzlg5HC7mMjCtUJjbQ/YnGEZIhI5tCgfTb4Hw=="],

    "json2mq": ["json2mq@0.2.0", "", { "dependencies": { "string-convert": "^0.2.0" } }, "sha512-SzoRg7ux5DWTII9J2qkrZrqV1gt+rTaoufMxEzXbS26Uid0NwaJd123HcoB80TgubEppxxIGdNxCx50fEoEWQA=="],

    "lodash": ["lodash@4.18.1", "", {}, "sha512-dMInicTPVE8d1e5otfwmmjlxkZoUpiVLwyeTdUsi/Caj/gfzzblBcCE5sRHV/AsjuCmxWrte2TNGSYuCeCq+0Q=="],

    "lucide-react": ["lucide-react@0.358.0", "", { "peerDependencies": { "react": "^16.5.1 || ^17.0.0 || ^18.0.0" } }, "sha512-rBSptRjZTMBm24zsFhR6pK/NgbT18JegZGKcH4+1H3+UigMSRpeoWLtR/fAwMYwYnlJOZB+y8WpeHne9D6X6Kg=="],

    "motion-dom": ["motion-dom@12.34.3", "", { "dependencies": { "motion-utils": "^12.29.2" } }, "sha512-sYgFe+pR9aIM7o4fhs2aXtOI+oqlUd33N9Yoxcgo1Fv7M20sRkHtCmzE/VRNIcq7uNJ+qio+Xubt1FXH3pQ+eQ=="],

    "motion-utils": ["motion-utils@12.29.2", "", {}, "sha512-G3kc34H2cX2gI63RqU+cZq+zWRRPSsNIOjpdl9TN4AQwC4sgwYPl/Q/Obf/d53nOm569T0fYK+tcoSV50BWx8A=="],

    "nanoid": ["nanoid@3.3.11", "", { "bin": { "nanoid": "bin/nanoid.cjs" } }, "sha512-N8SpfPUnUp1bK+PMYW8qSWdl9U+wwNWI4QKxOYDy9JAro3WMX7p2OeVRF9v+347pnakNevPmiHhNmZ2HbFA76w=="],

    "next": ["next@16.2.10", "", { "dependencies": { "@next/env": "16.2.10", "@swc/helpers": "0.5.15", "baseline-browser-mapping": "^2.9.19", "caniuse-lite": "^1.0.30001579", "postcss": "8.4.31", "styled-jsx": "5.1.6" }, "optionalDependencies": { "@next/swc-darwin-arm64": "16.2.10", "@next/swc-darwin-x64": "16.2.10", "@next/swc-linux-arm64-gnu": "16.2.10", "@next/swc-linux-arm64-musl": "16.2.10", "@next/swc-linux-x64-gnu": "16.2.10", "@next/swc-linux-x64-musl": "16.2.10", "@next/swc-win32-arm64-msvc": "16.2.10", "@next/swc-win32-x64-msvc": "16.2.10", "sharp": "^0.34.5" }, "peerDependencies": { "@opentelemetry/api": "^1.1.0", "@playwright/test": "^1.51.1", "babel-plugin-react-compiler": "*", "react": "^18.2.0 || 19.0.0-rc-de68d2f4-20241204 || ^19.0.0", "react-dom": "^18.2.0 || 19.0.0-rc-de68d2f4-20241204 || ^19.0.0", "sass": "^1.3.0" }, "optionalPeers": ["@opentelemetry/api", "@playwright/test", "babel-plugin-react-compiler", "sass"], "bin": { "next": "dist/bin/next" } }, "sha512-2som5AVXb3kE6Yjine3/mNbBayYF58eguBWIVVUdr1y/L426xyVEgYxgBG+1QC34P2x5E+tcDup6XkuOAX3dCA=="],

    "picocolors": ["picocolors@1.1.1", "", {}, "sha512-xceH2snhtb5M9liqDsmEw56le376mTZkEX/jEb/RxNFyegNul7eNslCXP9FDj/Lcu0X8KEyMceP2ntpaHrDEVA=="],

    "postcss": ["postcss@8.4.31", "", { "dependencies": { "nanoid": "^3.3.6", "picocolors": "^1.0.0", "source-map-js": "^1.0.2" } }, "sha512-PS08Iboia9mts/2ygV3eLpY5ghnUcfLV/EXTOW1E2qYxJKGGBUtNjN76FYHnMs36RmARn41bC0AZmn+rR0OVpQ=="],

    "rc-cascader": ["rc-cascader@3.34.0", "", { "dependencies": { "@babel/runtime": "^7.25.7", "classnames": "^2.3.1", "rc-select": "~14.16.2", "rc-tree": "~5.13.0", "rc-util": "^5.43.0" }, "peerDependencies": { "react": ">=16.9.0", "react-dom": ">=16.9.0" } }, "sha512-KpXypcvju9ptjW9FaN2NFcA2QH9E9LHKq169Y0eWtH4e/wHQ5Wh5qZakAgvb8EKZ736WZ3B0zLLOBsrsja5Dag=="],

    "rc-checkbox": ["rc-checkbox@3.5.0", "", { "dependencies": { "@babel/runtime": "^7.10.1", "classnames": "^2.3.2", "rc-util": "^5.25.2" }, "peerDependencies": { "react": ">=16.9.0", "react-dom": ">=16.9.0" } }, "sha512-aOAQc3E98HteIIsSqm6Xk2FPKIER6+5vyEFMZfo73TqM+VVAIqOkHoPjgKLqSNtVLWScoaM7vY2ZrGEheI79yg=="],

    "rc-collapse": ["rc-collapse@3.9.0", "", { "dependencies": { "@babel/runtime": "^7.10.1", "classnames": "2.x", "rc-motion": "^2.3.4", "rc-util": "^5.27.0" }, "peerDependencies": { "react": ">=16.9.0", "react-dom": ">=16.9.0" } }, "sha512-swDdz4QZ4dFTo4RAUMLL50qP0EY62N2kvmk2We5xYdRwcRn8WcYtuetCJpwpaCbUfUt5+huLpVxhvmnK+PHrkA=="],

    "rc-dialog": ["rc-dialog@9.6.0", "", { "dependencies": { "@babel/runtime": "^7.10.1", "@rc-component/portal": "^1.0.0-8", "classnames": "^2.2.6", "rc-motion": "^2.3.0", "rc-util": "^5.21.0" }, "peerDependencies": { "react": ">=16.9.0", "react-dom": ">=16.9.0" } }, "sha512-ApoVi9Z8PaCQg6FsUzS8yvBEQy0ZL2PkuvAgrmohPkN3okps5WZ5WQWPc1RNuiOKaAYv8B97ACdsFU5LizzCqg=="],

    "rc-drawer": ["rc-drawer@7.3.0", "", { "dependencies": { "@babel/runtime": "^7.23.9", "@rc-component/portal": "^1.1.1", "classnames": "^2.2.6", "rc-motion": "^2.6.1", "rc-util": "^5.38.1" }, "peerDependencies": { "react": ">=16.9.0", "react-dom": ">=16.9.0" } }, "sha512-DX6CIgiBWNpJIMGFO8BAISFkxiuKitoizooj4BDyee8/SnBn0zwO2FHrNDpqqepj0E/TFTDpmEBCyFuTgC7MOg=="],

    "rc-dropdown": ["rc-dropdown@4.2.1", "", { "dependencies": { "@babel/runtime": "^7.18.3", "@rc-component/trigger": "^2.0.0", "classnames": "^2.2.6", "rc-util": "^5.44.1" }, "peerDependencies": { "react": ">=16.11.0", "react-dom": ">=16.11.0" } }, "sha512-YDAlXsPv3I1n42dv1JpdM7wJ+gSUBfeyPK59ZpBD9jQhK9jVuxpjj3NmWQHOBceA1zEPVX84T2wbdb2SD0UjmA=="],

    "rc-field-form": ["rc-field-form@2.7.1", "", { "dependencies": { "@babel/runtime": "^7.18.0", "@rc-component/async-validator": "^5.0.3", "rc-util": "^5.32.2" }, "peerDependencies": { "react": ">=16.9.0", "react-dom": ">=16.9.0" } }, "sha512-vKeSifSJ6HoLaAB+B8aq/Qgm8a3dyxROzCtKNCsBQgiverpc4kWDQihoUwzUj+zNWJOykwSY4dNX3QrGwtVb9A=="],

    "rc-image": ["rc-image@7.12.0", "", { "dependencies": { "@babel/runtime": "^7.11.2", "@rc-component/portal": "^1.0.2", "classnames": "^2.2.6", "rc-dialog": "~9.6.0", "rc-motion": "^2.6.2", "rc-util": "^5.34.1" }, "peerDependencies": { "react": ">=16.9.0", "react-dom": ">=16.9.0" } }, "sha512-cZ3HTyyckPnNnUb9/DRqduqzLfrQRyi+CdHjdqgsyDpI3Ln5UX1kXnAhPBSJj9pVRzwRFgqkN7p9b6HBDjmu/Q=="],

    "rc-input": ["rc-input@1.8.0", "", { "dependencies": { "@babel/runtime": "^7.11.1", "classnames": "^2.2.1", "rc-util": "^5.18.1" }, "peerDependencies": { "react": ">=16.0.0", "react-dom": ">=16.0.0" } }, "sha512-KXvaTbX+7ha8a/k+eg6SYRVERK0NddX8QX7a7AnRvUa/rEH0CNMlpcBzBkhI0wp2C8C4HlMoYl8TImSN+fuHKA=="],

    "rc-input-number": ["rc-input-number@9.5.0", "", { "dependencies": { "@babel/runtime": "^7.10.1", "@rc-component/mini-decimal": "^1.0.1", "classnames": "^2.2.5", "rc-input": "~1.8.0", "rc-util": "^5.40.1" }, "peerDependencies": { "react": ">=16.9.0", "react-dom": ">=16.9.0" } }, "sha512-bKaEvB5tHebUURAEXw35LDcnRZLq3x1k7GxfAqBMzmpHkDGzjAtnUL8y4y5N15rIFIg5IJgwr211jInl3cipag=="],

    "rc-mentions": ["rc-mentions@2.20.0", "", { "dependencies": { "@babel/runtime": "^7.22.5", "@rc-component/trigger": "^2.0.0", "classnames": "^2.2.6", "rc-input": "~1.8.0", "rc-menu": "~9.16.0", "rc-textarea": "~1.10.0", "rc-util": "^5.34.1" }, "peerDependencies": { "react": ">=16.9.0", "react-dom": ">=16.9.0" } }, "sha512-w8HCMZEh3f0nR8ZEd466ATqmXFCMGMN5UFCzEUL0bM/nGw/wOS2GgRzKBcm19K++jDyuWCOJOdgcKGXU3fXfbQ=="],

    "rc-menu": ["rc-menu@9.16.1", "", { "dependencies": { "@babel/runtime": "^7.10.1", "@rc-component/trigger": "^2.0.0", "classnames": "2.x", "rc-motion": "^2.4.3", "rc-overflow": "^1.3.1", "rc-util": "^5.27.0" }, "peerDependencies": { "react": ">=16.9.0", "react-dom": ">=16.9.0" } }, "sha512-ghHx6/6Dvp+fw8CJhDUHFHDJ84hJE3BXNCzSgLdmNiFErWSOaZNsihDAsKq9ByTALo/xkNIwtDFGIl6r+RPXBg=="],

    "rc-motion": ["rc-motion@2.9.5", "", { "dependencies": { "@babel/runtime": "^7.11.1", "classnames": "^2.2.1", "rc-util": "^5.44.0" }, "peerDependencies": { "react": ">=16.9.0", "react-dom": ">=16.9.0" } }, "sha512-w+XTUrfh7ArbYEd2582uDrEhmBHwK1ZENJiSJVb7uRxdE7qJSYjbO2eksRXmndqyKqKoYPc9ClpPh5242mV1vA=="],

    "rc-notification": ["rc-notification@5.6.4", "", { "dependencies": { "@babel/runtime": "^7.10.1", "classnames": "2.x", "rc-motion": "^2.9.0", "rc-util": "^5.20.1" }, "peerDependencies": { "react": ">=16.9.0", "react-dom": ">=16.9.0" } }, "sha512-KcS4O6B4qzM3KH7lkwOB7ooLPZ4b6J+VMmQgT51VZCeEcmghdeR4IrMcFq0LG+RPdnbe/ArT086tGM8Snimgiw=="],

    "rc-overflow": ["rc-overflow@1.5.0", "", { "dependencies": { "@babel/runtime": "^7.11.1", "classnames": "^2.2.1", "rc-resize-observer": "^1.0.0", "rc-util": "^5.37.0" }, "peerDependencies": { "react": ">=16.9.0", "react-dom": ">=16.9.0" } }, "sha512-Lm/v9h0LymeUYJf0x39OveU52InkdRXqnn2aYXfWmo8WdOonIKB2kfau+GF0fWq6jPgtdO9yMqveGcK6aIhJmg=="],

    "rc-pagination": ["rc-pagination@5.1.0", "", { "dependencies": { "@babel/runtime": "^7.10.1", "classnames": "^2.3.2", "rc-util": "^5.38.0" }, "peerDependencies": { "react": ">=16.9.0", "react-dom": ">=16.9.0" } }, "sha512-8416Yip/+eclTFdHXLKTxZvn70duYVGTvUUWbckCCZoIl3jagqke3GLsFrMs0bsQBikiYpZLD9206Ej4SOdOXQ=="],

    "rc-picker": ["rc-picker@4.11.3", "", { "dependencies": { "@babel/runtime": "^7.24.7", "@rc-component/trigger": "^2.0.0", "classnames": "^2.2.1", "rc-overflow": "^1.3.2", "rc-resize-observer": "^1.4.0", "rc-util": "^5.43.0" }, "peerDependencies": { "date-fns": ">= 2.x", "dayjs": ">= 1.x", "luxon": ">= 3.x", "moment": ">= 2.x", "react": ">=16.9.0", "react-dom": ">=16.9.0" }, "optionalPeers": ["date-fns", "dayjs", "luxon", "moment"] }, "sha512-MJ5teb7FlNE0NFHTncxXQ62Y5lytq6sh5nUw0iH8OkHL/TjARSEvSHpr940pWgjGANpjCwyMdvsEV55l5tYNSg=="],

    "rc-progress": ["rc-progress@4.0.0", "", { "dependencies": { "@babel/runtime": "^7.10.1", "classnames": "^2.2.6", "rc-util": "^5.16.1" }, "peerDependencies": { "react": ">=16.9.0", "react-dom": ">=16.9.0" } }, "sha512-oofVMMafOCokIUIBnZLNcOZFsABaUw8PPrf1/y0ZBvKZNpOiu5h4AO9vv11Sw0p4Hb3D0yGWuEattcQGtNJ/aw=="],

    "rc-rate": ["rc-rate@2.13.1", "", { "dependencies": { "@babel/runtime": "^7.10.1", "classnames": "^2.2.5", "rc-util": "^5.0.1" }, "peerDependencies": { "react": ">=16.9.0", "react-dom": ">=16.9.0" } }, "sha512-QUhQ9ivQ8Gy7mtMZPAjLbxBt5y9GRp65VcUyGUMF3N3fhiftivPHdpuDIaWIMOTEprAjZPC08bls1dQB+I1F2Q=="],

    "rc-resize-observer": ["rc-resize-observer@1.4.3", "", { "dependencies": { "@babel/runtime": "^7.20.7", "classnames": "^2.2.1", "rc-util": "^5.44.1", "resize-observer-polyfill": "^1.5.1" }, "peerDependencies": { "react": ">=16.9.0", "react-dom": ">=16.9.0" } }, "sha512-YZLjUbyIWox8E9i9C3Tm7ia+W7euPItNWSPX5sCcQTYbnwDb5uNpnLHQCG1f22oZWUhLw4Mv2tFmeWe68CDQRQ=="],

    "rc-segmented": ["rc-segmented@2.7.1", "", { "dependencies": { "@babel/runtime": "^7.11.1", "classnames": "^2.2.1", "rc-motion": "^2.4.4", "rc-util": "^5.17.0" }, "peerDependencies": { "react": ">=16.0.0", "react-dom": ">=16.0.0" } }, "sha512-izj1Nw/Dw2Vb7EVr+D/E9lUTkBe+kKC+SAFSU9zqr7WV2W5Ktaa9Gc7cB2jTqgk8GROJayltaec+DBlYKc6d+g=="],

    "rc-select": ["rc-select@14.16.8", "", { "dependencies": { "@babel/runtime": "^7.10.1", "@rc-component/trigger": "^2.1.1", "classnames": "2.x", "rc-motion": "^2.0.1", "rc-overflow": "^1.3.1", "rc-util": "^5.16.1", "rc-virtual-list": "^3.5.2" }, "peerDependencies": { "react": "*", "react-dom": "*" } }, "sha512-NOV5BZa1wZrsdkKaiK7LHRuo5ZjZYMDxPP6/1+09+FB4KoNi8jcG1ZqLE3AVCxEsYMBe65OBx71wFoHRTP3LRg=="],

    "rc-slider": ["rc-slider@11.1.9", "", { "dependencies": { "@babel/runtime": "^7.10.1", "classnames": "^2.2.5", "rc-util": "^5.36.0" }, "peerDependencies": { "react": ">=16.9.0", "react-dom": ">=16.9.0" } }, "sha512-h8IknhzSh3FEM9u8ivkskh+Ef4Yo4JRIY2nj7MrH6GQmrwV6mcpJf5/4KgH5JaVI1H3E52yCdpOlVyGZIeph5A=="],

    "rc-steps": ["rc-steps@6.0.1", "", { "dependencies": { "@babel/runtime": "^7.16.7", "classnames": "^2.2.3", "rc-util": "^5.16.1" }, "peerDependencies": { "react": ">=16.9.0", "react-dom": ">=16.9.0" } }, "sha512-lKHL+Sny0SeHkQKKDJlAjV5oZ8DwCdS2hFhAkIjuQt1/pB81M0cA0ErVFdHq9+jmPmFw1vJB2F5NBzFXLJxV+g=="],

    "rc-switch": ["rc-switch@4.1.0", "", { "dependencies": { "@babel/runtime": "^7.21.0", "classnames": "^2.2.1", "rc-util": "^5.30.0" }, "peerDependencies": { "react": ">=16.9.0", "react-dom": ">=16.9.0" } }, "sha512-TI8ufP2Az9oEbvyCeVE4+90PDSljGyuwix3fV58p7HV2o4wBnVToEyomJRVyTaZeqNPAp+vqeo4Wnj5u0ZZQBg=="],

    "rc-table": ["rc-table@7.54.0", "", { "dependencies": { "@babel/runtime": "^7.10.1", "@rc-component/context": "^1.4.0", "classnames": "^2.2.5", "rc-resize-observer": "^1.1.0", "rc-util": "^5.44.3", "rc-virtual-list": "^3.14.2" }, "peerDependencies": { "react": ">=16.9.0", "react-dom": ">=16.9.0" } }, "sha512-/wDTkki6wBTjwylwAGjpLKYklKo9YgjZwAU77+7ME5mBoS32Q4nAwoqhA2lSge6fobLW3Tap6uc5xfwaL2p0Sw=="],

    "rc-tabs": ["rc-tabs@15.7.0", "", { "dependencies": { "@babel/runtime": "^7.11.2", "classnames": "2.x", "rc-dropdown": "~4.2.0", "rc-menu": "~9.16.0", "rc-motion": "^2.6.2", "rc-resize-observer": "^1.0.0", "rc-util": "^5.34.1" }, "peerDependencies": { "react": ">=16.9.0", "react-dom": ">=16.9.0" } }, "sha512-ZepiE+6fmozYdWf/9gVp7k56PKHB1YYoDsKeQA1CBlJ/POIhjkcYiv0AGP0w2Jhzftd3AVvZP/K+V+Lpi2ankA=="],

    "rc-textarea": ["rc-textarea@1.10.2", "", { "dependencies": { "@babel/runtime": "^7.10.1", "classnames": "^2.2.1", "rc-input": "~1.8.0", "rc-resize-observer": "^1.0.0", "rc-util": "^5.27.0" }, "peerDependencies": { "react": ">=16.9.0", "react-dom": ">=16.9.0" } }, "sha512-HfaeXiaSlpiSp0I/pvWpecFEHpVysZ9tpDLNkxQbMvMz6gsr7aVZ7FpWP9kt4t7DB+jJXesYS0us1uPZnlRnwQ=="],

    "rc-tooltip": ["rc-tooltip@6.4.0", "", { "dependencies": { "@babel/runtime": "^7.11.2", "@rc-component/trigger": "^2.0.0", "classnames": "^2.3.1", "rc-util": "^5.44.3" }, "peerDependencies": { "react": ">=16.9.0", "react-dom": ">=16.9.0" } }, "sha512-kqyivim5cp8I5RkHmpsp1Nn/Wk+1oeloMv9c7LXNgDxUpGm+RbXJGL+OPvDlcRnx9DBeOe4wyOIl4OKUERyH1g=="],

    "rc-tree": ["rc-tree@5.13.1", "", { "dependencies": { "@babel/runtime": "^7.10.1", "classnames": "2.x", "rc-motion": "^2.0.1", "rc-util": "^5.16.1", "rc-virtual-list": "^3.5.1" }, "peerDependencies": { "react": "*", "react-dom": "*" } }, "sha512-FNhIefhftobCdUJshO7M8uZTA9F4OPGVXqGfZkkD/5soDeOhwO06T/aKTrg0WD8gRg/pyfq+ql3aMymLHCTC4A=="],

    "rc-tree-select": ["rc-tree-select@5.27.0", "", { "dependencies": { "@babel/runtime": "^7.25.7", "classnames": "2.x", "rc-select": "~14.16.2", "rc-tree": "~5.13.0", "rc-util": "^5.43.0" }, "peerDependencies": { "react": "*", "react-dom": "*" } }, "sha512-2qTBTzwIT7LRI1o7zLyrCzmo5tQanmyGbSaGTIf7sYimCklAToVVfpMC6OAldSKolcnjorBYPNSKQqJmN3TCww=="],

    "rc-upload": ["rc-upload@4.11.0", "", { "dependencies": { "@babel/runtime": "^7.18.3", "classnames": "^2.2.5", "rc-util": "^5.2.0" }, "peerDependencies": { "react": ">=16.9.0", "react-dom": ">=16.9.0" } }, "sha512-ZUyT//2JAehfHzjWowqROcwYJKnZkIUGWaTE/VogVrepSl7AFNbQf4+zGfX4zl9Vrj/Jm8scLO0R6UlPDKK4wA=="],

    "rc-util": ["rc-util@5.44.4", "", { "dependencies": { "@babel/runtime": "^7.18.3", "react-is": "^18.2.0" }, "peerDependencies": { "react": ">=16.9.0", "react-dom": ">=16.9.0" } }, "sha512-resueRJzmHG9Q6rI/DfK6Kdv9/Lfls05vzMs1Sk3M2P+3cJa+MakaZyWY8IPfehVuhPJFKrIY1IK4GqbiaiY5w=="],

    "rc-virtual-list": ["rc-virtual-list@3.19.2", "", { "dependencies": { "@babel/runtime": "^7.20.0", "classnames": "^2.2.6", "rc-resize-observer": "^1.0.0", "rc-util": "^5.36.0" }, "peerDependencies": { "react": ">=16.9.0", "react-dom": ">=16.9.0" } }, "sha512-Ys6NcjwGkuwkeaWBDqfI3xWuZ7rDiQXlH1o2zLfFzATfEgXcqpk8CkgMfbJD81McqjcJVez25a3kPxCR807evA=="],

    "react": ["react@19.2.3", "", {}, "sha512-Ku/hhYbVjOQnXDZFv2+RibmLFGwFdeeKHFcOTlrt7xplBnya5OGn/hIRDsqDiSUcfORsDC7MPxwork8jBwsIWA=="],

    "react-dom": ["react-dom@19.2.3", "", { "dependencies": { "scheduler": "^0.27.0" }, "peerDependencies": { "react": "^19.2.3" } }, "sha512-yELu4WmLPw5Mr/lmeEpox5rw3RETacE++JgHqQzd2dg+YbJuat3jH4ingc+WPZhxaoFzdv9y33G+F7Nl5O0GBg=="],

    "react-is": ["react-is@18.3.1", "", {}, "sha512-/LLMVyas0ljjAtoYiPqYiL8VWXzUUdThrmU5+n20DZv+a+ClRoevUzw5JxU+Ieh5/c87ytoTBV9G1FiKfNJdmg=="],

    "resize-observer-polyfill": ["resize-observer-polyfill@1.5.1", "", {}, "sha512-LwZrotdHOo12nQuZlHEmtuXdqGoOD0OhaxopaNFxWzInpEgaLWoVuAMbTzixuosCx2nEG58ngzW3vxdWoxIgdg=="],

    "scheduler": ["scheduler@0.27.0", "", {}, "sha512-eNv+WrVbKu1f3vbYJT/xtiF5syA5HPIMtf9IgY/nKg0sWqzAUEvqY/xm7OcZc/qafLx/iO9FgOmeSAp4v5ti/Q=="],

    "scroll-into-view-if-needed": ["scroll-into-view-if-needed@3.1.0", "", { "dependencies": { "compute-scroll-into-view": "^3.0.2" } }, "sha512-49oNpRjWRvnU8NyGVmUaYG4jtTkNonFZI86MmGRDqBphEK2EXT9gdEUoQPZhuBM8yWHxCWbobltqYO5M4XrUvQ=="],

    "semver": ["semver@7.7.4", "", { "bin": { "semver": "bin/semver.js" } }, "sha512-vFKC2IEtQnVhpT78h1Yp8wzwrf8CM+MzKMHGJZfBtzhZNycRFnXsHk6E5TxIkkMsgNS7mdX3AGB7x2QM2di4lA=="],

    "sharp": ["sharp@0.34.5", "", { "dependencies": { "@img/colour": "^1.0.0", "detect-libc": "^2.1.2", "semver": "^7.7.3" }, "optionalDependencies": { "@img/sharp-darwin-arm64": "0.34.5", "@img/sharp-darwin-x64": "0.34.5", "@img/sharp-libvips-darwin-arm64": "1.2.4", "@img/sharp-libvips-darwin-x64": "1.2.4", "@img/sharp-libvips-linux-arm": "1.2.4", "@img/sharp-libvips-linux-arm64": "1.2.4", "@img/sharp-libvips-linux-ppc64": "1.2.4", "@img/sharp-libvips-linux-riscv64": "1.2.4", "@img/sharp-libvips-linux-s390x": "1.2.4", "@img/sharp-libvips-linux-x64": "1.2.4", "@img/sharp-libvips-linuxmusl-arm64": "1.2.4", "@img/sharp-libvips-linuxmusl-x64": "1.2.4", "@img/sharp-linux-arm": "0.34.5", "@img/sharp-linux-arm64": "0.34.5", "@img/sharp-linux-ppc64": "0.34.5", "@img/sharp-linux-riscv64": "0.34.5", "@img/sharp-linux-s390x": "0.34.5", "@img/sharp-linux-x64": "0.34.5", "@img/sharp-linuxmusl-arm64": "0.34.5", "@img/sharp-linuxmusl-x64": "0.34.5", "@img/sharp-wasm32": "0.34.5", "@img/sharp-win32-arm64": "0.34.5", "@img/sharp-win32-ia32": "0.34.5", "@img/sharp-win32-x64": "0.34.5" } }, "sha512-Ou9I5Ft9WNcCbXrU9cMgPBcCK8LiwLqcbywW3t4oDV37n1pzpuNLsYiAV8eODnjbtQlSDwZ2cUEeQz4E54Hltg=="],

    "sonner": ["sonner@1.7.4", "", { "peerDependencies": { "react": "^18.0.0 || ^19.0.0 || ^19.0.0-rc", "react-dom": "^18.0.0 || ^19.0.0 || ^19.0.0-rc" } }, "sha512-DIS8z4PfJRbIyfVFDVnK9rO3eYDtse4Omcm6bt0oEr5/jtLgysmjuBl1frJ9E/EQZrFmKx2A8m/s5s9CRXIzhw=="],

    "source-map-js": ["source-map-js@1.2.1", "", {}, "sha512-UXWMKhLOwVKb728IUtQPXxfYU+usdybtUrK/8uGE8CQMvrhOpwvzDBwj0QhSL7MQc7vIsISBG8VQ8+IDQxpfQA=="],

    "string-convert": ["string-convert@0.2.1", "", {}, "sha512-u/1tdPl4yQnPBjnVrmdLo9gtuLvELKsAoRapekWggdiQNvvvum+jYF329d84NAa660KQw7pB2n36KrIKVoXa3A=="],

    "styled-jsx": ["styled-jsx@5.1.6", "", { "dependencies": { "client-only": "0.0.1" }, "peerDependencies": { "react": ">= 16.8.0 || 17.x.x || ^18.0.0-0 || ^19.0.0-0" } }, "sha512-qSVyDTeMotdvQYoHWLNGwRFJHC+i+ZvdBRYosOFgC+Wg1vx4frN2/RG/NA7SYqqvKNLf39P2LSRA2pu6n0XYZA=="],

    "stylis": ["stylis@4.3.6", "", {}, "sha512-yQ3rwFWRfwNUY7H5vpU0wfdkNSnvnJinhF9830Swlaxl03zsOjCfmX0ugac+3LtK0lYSgwL/KXc8oYL3mG4YFQ=="],

    "throttle-debounce": ["throttle-debounce@5.0.2", "", {}, "sha512-B71/4oyj61iNH0KeCamLuE2rmKuTO5byTOSVwECM5FA7TiAiAW+UqTKZ9ERueC4qvgSttUhdmq1mXC3kJqGX7A=="],

    "toggle-selection": ["toggle-selection@1.0.6", "", {}, "sha512-BiZS+C1OS8g/q2RRbJmy59xpyghNBqrr6k5L/uKBGRsTfxmu3ffiRnd8mlGPUVayg8pvfi5urfnu8TU7DVOkLQ=="],

    "tslib": ["tslib@2.8.1", "", {}, "sha512-oJFu94HQb+KVduSUQL7wnpmqnfmLsOA/nAh6b6EH0wCEoK0/mPeXU6c3wKDV83MkOuHPRHtSXKKU99IBazS/2w=="],
  }
}
